PODS:
  - Alamofire (5.9.1)
  - AppAuth (1.7.5):
    - AppAuth/Core (= 1.7.5)
    - AppAuth/ExternalUserAgent (= 1.7.5)
  - AppAuth/Core (1.7.5)
  - AppAuth/ExternalUserAgent (1.7.5):
    - AppAuth/Core
  - AWSAuthCore (2.36.3):
    - AWSCore (= 2.36.3)
  - AWSAuthUI (2.36.3):
    - AWSAuthCore (= 2.36.3)
    - AWSCore (= 2.36.3)
  - AWSCognitoIdentityProvider (2.36.3):
    - AWSCognitoIdentityProviderASF (= 2.36.3)
    - AWSCore (= 2.36.3)
  - AWSCognitoIdentityProviderASF (2.36.3):
    - AWSCore (= 2.36.3)
  - AWSCore (2.36.3)
  - AWSMobileClient (2.36.3):
    - AWSAuthCore (= 2.36.3)
    - AWSCognitoIdentityProvider (= 2.36.3)
    - AWSCognitoIdentityProviderASF (= 2.36.3)
    - AWSCore (= 2.36.3)
  - Firebase/Analytics (10.28.0):
    - Firebase/Core
  - Firebase/Core (10.28.0):
    - Firebase/CoreOnly
    - FirebaseAnalytics (~> 10.28.0)
  - Firebase/CoreOnly (10.28.0):
    - FirebaseCore (= 10.28.0)
  - Firebase/Crashlytics (10.28.0):
    - Firebase/CoreOnly
    - FirebaseCrashlytics (~> 10.28.0)
  - Firebase/Messaging (10.28.0):
    - Firebase/CoreOnly
    - FirebaseMessaging (~> 10.28.0)
  - FirebaseAnalytics (10.28.0):
    - FirebaseAnalytics/AdIdSupport (= 10.28.0)
    - FirebaseCore (~> 10.0)
    - FirebaseInstallations (~> 10.0)
    - GoogleUtilities/AppDelegateSwizzler (~> 7.11)
    - GoogleUtilities/MethodSwizzler (~> 7.11)
    - GoogleUtilities/Network (~> 7.11)
    - "GoogleUtilities/NSData+zlib (~> 7.11)"
    - nanopb (< 2.30911.0, >= 2.30908.0)
  - FirebaseAnalytics/AdIdSupport (10.28.0):
    - FirebaseCore (~> 10.0)
    - FirebaseInstallations (~> 10.0)
    - GoogleAppMeasurement (= 10.28.0)
    - GoogleUtilities/AppDelegateSwizzler (~> 7.11)
    - GoogleUtilities/MethodSwizzler (~> 7.11)
    - GoogleUtilities/Network (~> 7.11)
    - "GoogleUtilities/NSData+zlib (~> 7.11)"
    - nanopb (< 2.30911.0, >= 2.30908.0)
  - FirebaseCore (10.28.0):
    - FirebaseCoreInternal (~> 10.0)
    - GoogleUtilities/Environment (~> 7.12)
    - GoogleUtilities/Logger (~> 7.12)
  - FirebaseCoreExtension (10.28.0):
    - FirebaseCore (~> 10.0)
  - FirebaseCoreInternal (10.28.0):
    - "GoogleUtilities/NSData+zlib (~> 7.8)"
  - FirebaseCrashlytics (10.28.0):
    - FirebaseCore (~> 10.5)
    - FirebaseInstallations (~> 10.0)
    - FirebaseRemoteConfigInterop (~> 10.23)
    - FirebaseSessions (~> 10.5)
    - GoogleDataTransport (~> 9.2)
    - GoogleUtilities/Environment (~> 7.8)
    - nanopb (< 2.30911.0, >= 2.30908.0)
    - PromisesObjC (~> 2.1)
  - FirebaseInstallations (10.28.0):
    - FirebaseCore (~> 10.0)
    - GoogleUtilities/Environment (~> 7.8)
    - GoogleUtilities/UserDefaults (~> 7.8)
    - PromisesObjC (~> 2.1)
  - FirebaseMessaging (10.28.0):
    - FirebaseCore (~> 10.0)
    - FirebaseInstallations (~> 10.0)
    - GoogleDataTransport (~> 9.3)
    - GoogleUtilities/AppDelegateSwizzler (~> 7.8)
    - GoogleUtilities/Environment (~> 7.8)
    - GoogleUtilities/Reachability (~> 7.8)
    - GoogleUtilities/UserDefaults (~> 7.8)
    - nanopb (< 2.30911.0, >= 2.30908.0)
  - FirebaseRemoteConfigInterop (10.28.0)
  - FirebaseSessions (10.28.0):
    - FirebaseCore (~> 10.5)
    - FirebaseCoreExtension (~> 10.0)
    - FirebaseInstallations (~> 10.0)
    - GoogleDataTransport (~> 9.2)
    - GoogleUtilities/Environment (~> 7.13)
    - GoogleUtilities/UserDefaults (~> 7.13)
    - nanopb (< 2.30911.0, >= 2.30908.0)
    - PromisesSwift (~> 2.1)
  - Google-Mobile-Ads-SDK (11.6.0):
    - GoogleUserMessagingPlatform (>= 1.1)
  - GoogleAppMeasurement (10.28.0):
    - GoogleAppMeasurement/AdIdSupport (= 10.28.0)
    - GoogleUtilities/AppDelegateSwizzler (~> 7.11)
    - GoogleUtilities/MethodSwizzler (~> 7.11)
    - GoogleUtilities/Network (~> 7.11)
    - "GoogleUtilities/NSData+zlib (~> 7.11)"
    - nanopb (< 2.30911.0, >= 2.30908.0)
  - GoogleAppMeasurement/AdIdSupport (10.28.0):
    - GoogleAppMeasurement/WithoutAdIdSupport (= 10.28.0)
    - GoogleUtilities/AppDelegateSwizzler (~> 7.11)
    - GoogleUtilities/MethodSwizzler (~> 7.11)
    - GoogleUtilities/Network (~> 7.11)
    - "GoogleUtilities/NSData+zlib (~> 7.11)"
    - nanopb (< 2.30911.0, >= 2.30908.0)
  - GoogleAppMeasurement/WithoutAdIdSupport (10.28.0):
    - GoogleUtilities/AppDelegateSwizzler (~> 7.11)
    - GoogleUtilities/MethodSwizzler (~> 7.11)
    - GoogleUtilities/Network (~> 7.11)
    - "GoogleUtilities/NSData+zlib (~> 7.11)"
    - nanopb (< 2.30911.0, >= 2.30908.0)
  - GoogleDataTransport (9.4.1):
    - GoogleUtilities/Environment (~> 7.7)
    - nanopb (< 2.30911.0, >= 2.30908.0)
    - PromisesObjC (< 3.0, >= 1.2)
  - GoogleMaps (3.1.0):
    - GoogleMaps/Maps (= 3.1.0)
  - GoogleMaps/Base (3.1.0)
  - GoogleMaps/Maps (3.1.0):
    - GoogleMaps/Base
  - GooglePlacePicker (3.1.0):
    - GoogleMaps (= 3.1.0)
    - GooglePlaces (= 3.1.0)
  - GooglePlaces (3.1.0):
    - GoogleMaps/Base (= 3.1.0)
  - GoogleSignIn (7.1.0):
    - AppAuth (< 2.0, >= 1.7.3)
    - GTMAppAuth (< 5.0, >= 4.1.1)
    - GTMSessionFetcher/Core (~> 3.3)
  - GoogleUserMessagingPlatform (2.4.0)
  - GoogleUtilities/AppDelegateSwizzler (7.13.3):
    - GoogleUtilities/Environment
    - GoogleUtilities/Logger
    - GoogleUtilities/Network
    - GoogleUtilities/Privacy
  - GoogleUtilities/Environment (7.13.3):
    - GoogleUtilities/Privacy
    - PromisesObjC (< 3.0, >= 1.2)
  - GoogleUtilities/Logger (7.13.3):
    - GoogleUtilities/Environment
    - GoogleUtilities/Privacy
  - GoogleUtilities/MethodSwizzler (7.13.3):
    - GoogleUtilities/Logger
    - GoogleUtilities/Privacy
  - GoogleUtilities/Network (7.13.3):
    - GoogleUtilities/Logger
    - "GoogleUtilities/NSData+zlib"
    - GoogleUtilities/Privacy
    - GoogleUtilities/Reachability
  - "GoogleUtilities/NSData+zlib (7.13.3)":
    - GoogleUtilities/Privacy
  - GoogleUtilities/Privacy (7.13.3)
  - GoogleUtilities/Reachability (7.13.3):
    - GoogleUtilities/Logger
    - GoogleUtilities/Privacy
  - GoogleUtilities/UserDefaults (7.13.3):
    - GoogleUtilities/Logger
    - GoogleUtilities/Privacy
  - GradientLoadingBar (2.3.5):
    - LightweightObservable (~> 2.1)
  - GrowingTextView (0.7.2)
  - GTMAppAuth (4.1.1):
    - AppAuth/Core (~> 1.7)
    - GTMSessionFetcher/Core (< 4.0, >= 3.3)
  - GTMSessionFetcher/Core (3.4.1)
  - GzipSwift (5.1.1)
  - IQKeyboardManagerSwift (6.5.16)
  - LightweightObservable (2.2.2)
  - lottie-ios (4.4.1)
  - MSAL (1.2.5):
    - MSAL/app-lib (= 1.2.5)
  - MSAL/app-lib (1.2.5)
  - MSGraphClientModels (1.3.0)
  - MSGraphClientSDK (1.0.0):
    - MSGraphClientSDK/Authentication (= 1.0.0)
    - MSGraphClientSDK/Common (= 1.0.0)
  - MSGraphClientSDK/Authentication (1.0.0)
  - MSGraphClientSDK/Common (1.0.0):
    - MSGraphClientSDK/Authentication
  - nanopb (2.30910.0):
    - nanopb/decode (= 2.30910.0)
    - nanopb/encode (= 2.30910.0)
  - nanopb/decode (2.30910.0)
  - nanopb/encode (2.30910.0)
  - PINCache (3.0.4):
    - PINCache/Arc-exception-safe (= 3.0.4)
    - PINCache/Core (= 3.0.4)
  - PINCache/Arc-exception-safe (3.0.4):
    - PINCache/Core
  - PINCache/Core (3.0.4):
    - PINOperation (~> 1.2.3)
  - PINOperation (1.2.3)
  - PINRemoteImage (3.0.3):
    - PINRemoteImage/PINCache (= 3.0.3)
  - PINRemoteImage/Core (3.0.3):
    - PINOperation
  - PINRemoteImage/PINCache (3.0.3):
    - PINCache (~> 3.0.3)
    - PINRemoteImage/Core
  - PromisesObjC (2.4.0)
  - PromisesSwift (2.4.0):
    - PromisesObjC (= 2.4.0)
  - SwiftDefaults (0.1.8)
  - SwiftKeychainWrapper (4.0.1)
  - TransitionButton (0.5.3)
  - TwitterCore (3.2.0)
  - TwitterKit (3.4.2):
    - TwitterCore (>= 3.1.0)
  - TwitterKit5 (5.2.0):
    - TwitterCore (>= 3.1.0)

DEPENDENCIES:
  - Alamofire
  - AWSAuthUI
  - AWSMobileClient
  - Firebase/Analytics
  - Firebase/Crashlytics
  - Firebase/Messaging
  - Google-Mobile-Ads-SDK
  - GoogleMaps
  - GooglePlacePicker
  - GooglePlaces
  - GoogleSignIn
  - GradientLoadingBar
  - GrowingTextView
  - GzipSwift
  - IQKeyboardManagerSwift
  - lottie-ios
  - MSAL
  - MSGraphClientModels
  - MSGraphClientSDK
  - PINRemoteImage
  - SwiftDefaults
  - SwiftKeychainWrapper
  - TransitionButton
  - TwitterCore (from `./twitter-kit-ios-master/TwitterCore`)
  - TwitterKit (from `./twitter-kit-ios-master/TwitterKit`)
  - TwitterKit5

SPEC REPOS:
  https://github.com/CocoaPods/Specs.git:
    - Alamofire
    - AppAuth
    - AWSAuthCore
    - AWSAuthUI
    - AWSCognitoIdentityProvider
    - AWSCognitoIdentityProviderASF
    - AWSCore
    - AWSMobileClient
    - Firebase
    - FirebaseAnalytics
    - FirebaseCore
    - FirebaseCoreExtension
    - FirebaseCoreInternal
    - FirebaseCrashlytics
    - FirebaseInstallations
    - FirebaseMessaging
    - FirebaseRemoteConfigInterop
    - FirebaseSessions
    - Google-Mobile-Ads-SDK
    - GoogleAppMeasurement
    - GoogleDataTransport
    - GoogleMaps
    - GooglePlacePicker
    - GooglePlaces
    - GoogleSignIn
    - GoogleUserMessagingPlatform
    - GoogleUtilities
    - GradientLoadingBar
    - GrowingTextView
    - GTMAppAuth
    - GTMSessionFetcher
    - GzipSwift
    - IQKeyboardManagerSwift
    - LightweightObservable
    - lottie-ios
    - MSAL
    - MSGraphClientModels
    - MSGraphClientSDK
    - nanopb
    - PINCache
    - PINOperation
    - PINRemoteImage
    - PromisesObjC
    - PromisesSwift
    - SwiftDefaults
    - SwiftKeychainWrapper
    - TransitionButton
    - TwitterKit5

EXTERNAL SOURCES:
  TwitterCore:
    :path: "./twitter-kit-ios-master/TwitterCore"
  TwitterKit:
    :path: "./twitter-kit-ios-master/TwitterKit"

SPEC CHECKSUMS:
  Alamofire: f36a35757af4587d8e4f4bfa223ad10be2422b8c
  AppAuth: 501c04eda8a8d11f179dbe8637b7a91bb7e5d2fa
  AWSAuthCore: 7f417226be1d233b700ee41519135e8f2cf0c95e
  AWSAuthUI: e4f9ebd134ab0365415d867dfc169818d84ebb56
  AWSCognitoIdentityProvider: fa5df959c324d90e3195583c762973893052c920
  AWSCognitoIdentityProviderASF: bb266d2470d30671538224282232d06214d545ea
  AWSCore: c80f0c849456deb66aaf7d97e77854f7c2b28236
  AWSMobileClient: 5caf94f99adafc31c3f019d088146fc293af8ec6
  Firebase: 5121c624121af81cbc81df3bda414b3c28c4f3c3
  FirebaseAnalytics: 1e06fe7d246af7230b08d1d9cdca54a4624dd461
  FirebaseCore: 857dc1c6dd1255675047404d8466f7dfaac5d779
  FirebaseCoreExtension: f63147b723e2a700fe0f34ec6fb7f358d6fe83e0
  FirebaseCoreInternal: 58d07f1362fddeb0feb6a857d1d1d1c5e558e698
  FirebaseCrashlytics: d3cffa6e6eb4fa9234162dff3ba62e37b93252a6
  FirebaseInstallations: 60c1d3bc1beef809fd1ad1189a8057a040c59f2e
  FirebaseMessaging: 087a7c7cadef7b9239f005bc4db823894844f323
  FirebaseRemoteConfigInterop: 70d200c6956ef3b5c3592a95e824c1210682d785
  FirebaseSessions: 20da8500ad66bb12622743e170459bf62a0768e8
  Google-Mobile-Ads-SDK: 28339250757645a9bab066ebbe667fa48d2c9bd7
  GoogleAppMeasurement: 55a4a3c8000c1280d68bf4c084adbfef20c49db1
  GoogleDataTransport: 6c09b596d841063d76d4288cc2d2f42cc36e1e2a
  GoogleMaps: 5c13302e6fe6bb6e686b267196586b91cd594225
  GooglePlacePicker: fa975116ac202ac29822c0a79758ea1c4db5a95f
  GooglePlaces: e874db179f2675c4f3eeda0b686b540273a578b0
  GoogleSignIn: d4281ab6cf21542b1cfaff85c191f230b399d2db
  GoogleUserMessagingPlatform: f131fa7978d2ba88d7426702b057c2cc318e6595
  GoogleUtilities: ea963c370a38a8069cc5f7ba4ca849a60b6d7d15
  GradientLoadingBar: 97d0b455027194409b50c3fd589728ea7d79f08d
  GrowingTextView: 876bf42005b5e4a4fd740597db12caaf41f0fe6c
  GTMAppAuth: f69bd07d68cd3b766125f7e072c45d7340dea0de
  GTMSessionFetcher: 8000756fc1c19d2e5697b90311f7832d2e33f6cd
  GzipSwift: 893f3e48e597a1a4f62fafcb6514220fcf8287fa
  IQKeyboardManagerSwift: 12d89768845bb77b55cc092ecc2b1f9370f06b76
  LightweightObservable: 6a106f0d60d497ee1ebd90ff549b54ac7abf3c36
  lottie-ios: e047b1d2e6239b787cc5e9755b988869cf190494
  MSAL: 5149daaa19228c2c27d81987634da15b50981cef
  MSGraphClientModels: ffef6d0a1cdaa774e1689e38da35301cb74fc72a
  MSGraphClientSDK: ffc07a58a838e0702c7bf2a856367035d4a335d7
  nanopb: 438bc412db1928dac798aa6fd75726007be04262
  PINCache: d9a87a0ff397acffe9e2f0db972ac14680441158
  PINOperation: fb563bcc9c32c26d6c78aaff967d405aa2ee74a7
  PINRemoteImage: f1295b29f8c5e640e25335a1b2bd9d805171bd01
  PromisesObjC: f5707f49cb48b9636751c5b2e7d227e43fba9f47
  PromisesSwift: 9d77319bbe72ebf6d872900551f7eeba9bce2851
  SwiftDefaults: 83b949412eb2e974f2b3ac7ffc0a3e808aa10d9b
  SwiftKeychainWrapper: 807ba1d63c33a7d0613288512399cd1eda1e470c
  TransitionButton: 36283346e17c64775a1b3bc3a7a72940a367de1f
  TwitterCore: 8cbc9ad34d91c63a0035ea05bfbfc0d7ca72a28c
  TwitterKit: 704beb35ec85542f96325041f6f66354c9acdbae
  TwitterKit5: 64095dfefcf39be2355711ef27112d55e340d90e

PODFILE CHECKSUM: 8d5e7aca90806d04c0ea1b8c4db18fdc4e9407d7

COCOAPODS: 1.14.3
