{
  "originHash" : "ca3cf5f8f83d297b47d2cb0edff3e06f294951e2e06fa55cfc82831103499b2a",
  "pins" : [
    {
      "identity" : "facebook-ios-sdk",
      "kind" : "remoteSourceControl",
      "location" : "https://github.com/facebook/facebook-ios-sdk",
      "state" : {
        "revision" : "fdc9136e0d56387dcd25391f22d971534e99d089",
        "version" : "15.0.0"
      }
    }
  ],
  "version" : 3
}
